
Microsoft Visual Studio Solution File, Format Version 12.00
# Visual Studio Version 16
VisualStudioVersion = 16.0.30717.126
MinimumVisualStudioVersion = 10.0.40219.1
Project("{9A19103F-16F7-4668-BE54-9A1E7A4F7556}") = "DevIO.Business", "src\DevIO.Business\DevIO.Business.csproj", "{C69E622E-87B4-4951-96B9-6D13713B7155}"
EndProject
Project("{9A19103F-16F7-4668-BE54-9A1E7A4F7556}") = "DevIO.Data", "src\DevIO.Data\DevIO.Data.csproj", "{B9C44146-2994-4006-9C1B-83EEE977298A}"
EndProject
Project("{FAE04EC0-301F-11D3-BF4B-00C04F79EFBC}") = "DevIO.Api", "src\DevIO.Api\DevIO.Api.csproj", "{DFB2913D-C2B3-4CFA-9E87-A20732CFDF02}"
EndProject
Global
	GlobalSection(SolutionConfigurationPlatforms) = preSolution
		Debug|Any CPU = Debug|Any CPU
		Release|Any CPU = Release|Any CPU
	EndGlobalSection
	GlobalSection(ProjectConfigurationPlatforms) = postSolution
		{C69E622E-87B4-4951-96B9-6D13713B7155}.Debug|Any CPU.ActiveCfg = Debug|Any CPU
		{C69E622E-87B4-4951-96B9-6D13713B7155}.Debug|Any CPU.Build.0 = Debug|Any CPU
		{C69E622E-87B4-4951-96B9-6D13713B7155}.Release|Any CPU.ActiveCfg = Release|Any CPU
		{C69E622E-87B4-4951-96B9-6D13713B7155}.Release|Any CPU.Build.0 = Release|Any CPU
		{B9C44146-2994-4006-9C1B-83EEE977298A}.Debug|Any CPU.ActiveCfg = Debug|Any CPU
		{B9C44146-2994-4006-9C1B-83EEE977298A}.Debug|Any CPU.Build.0 = Debug|Any CPU
		{B9C44146-2994-4006-9C1B-83EEE977298A}.Release|Any CPU.ActiveCfg = Release|Any CPU
		{B9C44146-2994-4006-9C1B-83EEE977298A}.Release|Any CPU.Build.0 = Release|Any CPU
		{DFB2913D-C2B3-4CFA-9E87-A20732CFDF02}.Debug|Any CPU.ActiveCfg = Debug|Any CPU
		{DFB2913D-C2B3-4CFA-9E87-A20732CFDF02}.Debug|Any CPU.Build.0 = Debug|Any CPU
		{DFB2913D-C2B3-4CFA-9E87-A20732CFDF02}.Release|Any CPU.ActiveCfg = Release|Any CPU
		{DFB2913D-C2B3-4CFA-9E87-A20732CFDF02}.Release|Any CPU.Build.0 = Release|Any CPU
	EndGlobalSection
	GlobalSection(SolutionProperties) = preSolution
		HideSolutionNode = FALSE
	EndGlobalSection
	GlobalSection(ExtensibilityGlobals) = postSolution
		SolutionGuid = {B5E8F3AB-7B91-4CFE-B5DB-7FBB4A02FA43}
	EndGlobalSection
EndGlobal
